
Microsoft Visual Studio Solution File, Format Version 12.00
# Visual Studio Version 16
VisualStudioVersion = 16.0.30225.117
MinimumVisualStudioVersion = 10.0.40219.1
Project("{9A19103F-16F7-4668-BE54-9A1E7A4F7556}") = "Store.API", "Store.API.csproj", "{1C8660D7-B55A-42B9-AC55-BA0BFD093628}"
EndProject
Global
	GlobalSection(SolutionConfigurationPlatforms) = preSolution
		Debug|Any CPU = Debug|Any CPU
		Release|Any CPU = Release|Any CPU
	EndGlobalSection
	GlobalSection(ProjectConfigurationPlatforms) = postSolution
		{1C8660D7-B55A-42B9-AC55-BA0BFD093628}.Debug|Any CPU.ActiveCfg = Debug|Any CPU
		{1C8660D7-B55A-42B9-AC55-BA0BFD093628}.Debug|Any CPU.Build.0 = Debug|Any CPU
		{1C8660D7-B55A-42B9-AC55-BA0BFD093628}.Release|Any CPU.ActiveCfg = Release|Any CPU
		{1C8660D7-B55A-42B9-AC55-BA0BFD093628}.Release|Any CPU.Build.0 = Release|Any CPU
	EndGlobalSection
	GlobalSection(SolutionProperties) = preSolution
		HideSolutionNode = FALSE
	EndGlobalSection
	GlobalSection(ExtensibilityGlobals) = postSolution
		SolutionGuid = {7C9B03CF-1381-4E45-A9BB-807ADC63E3AB}
	EndGlobalSection
EndGlobal
